github.com/novalwardhana/test-golang-module v1.0.0 h1:SY6b2CjQ1QpFwkC6bwZ1CgeHEv1nbB0728xz9nSJwck=
github.com/novalwardhana/test-golang-module v1.0.0/go.mod h1:GU/VT3wvHEtLGPkrbN5H7pjV78cxeyJIjLYxYJ74gTE=
github.com/novalwardhana/test-golang-module v1.1.0 h1:dHL75uyC1w+UFMDliWVOXO3wi20WBMyuMMlJpYuQLxQ=
github.com/novalwardhana/test-golang-module v1.1.0/go.mod h1:GU/VT3wvHEtLGPkrbN5H7pjV78cxeyJIjLYxYJ74gTE=
github.com/novalwardhana/test-golang-module/v2 v2.0.0 h1:Kz3hChM2TovbC+0rcP6h7stoplvpt6oXQl3HS7kXan0=
github.com/novalwardhana/test-golang-module/v2 v2.0.0/go.mod h1:bipZkIESpCEnlXpa2F7tTAUAgVbJ3wGN9UZTQmHHZaY=
github.com/novalwardhana/test-golang-module2 v1.0.0 h1:aZ+nRogMUednygMFC0k6Nxmf6PYKKq6Wj47y7nTTjgs=
github.com/novalwardhana/test-golang-module2 v1.0.0/go.mod h1:iMqo1SIgQdbO/MUqVG2tUzY1FcgotTNSnZgvWNHGgrE=
github.com/novalwardhana/test-golang-module2 v1.1.0 h1:KhuDIWAjwRXrnI45x/5MszoMcCc+NY6QHpae110inXE=
github.com/novalwardhana/test-golang-module2 v1.1.0/go.mod h1:iMqo1SIgQdbO/MUqVG2tUzY1FcgotTNSnZgvWNHGgrE=
github.com/novalwardhana/test-golang-module2/v2 v2.0.0 h1:vPFwpxtn29mEnYdzBBhG1IvcIyH62c5iBSpLabREosc=
github.com/novalwardhana/test-golang-module2/v2 v2.0.0/go.mod h1:+NqSAtWBkpZNhrwTjxQBb5ipGr53/as0pEPFZAUk3iU=
github.com/novalwardhana/test-golang-module2/v2 v2.0.1 h1:JBh6+DjM7RlkNAXAE8x76fuJUWaP7R+7DsXzLtRuQNU=
github.com/novalwardhana/test-golang-module2/v2 v2.0.1/go.mod h1:+NqSAtWBkpZNhrwTjxQBb5ipGr53/as0pEPFZAUk3iU=
github.com/novalwardhana/test-golang-module2/v2 v2.0.2 h1:tKEIuN6pWyQESU5RoFM6kzjCUvOw3b5VXpqcjmJV1SA=
github.com/novalwardhana/test-golang-module2/v2 v2.0.2/go.mod h1:+NqSAtWBkpZNhrwTjxQBb5ipGr53/as0pEPFZAUk3iU=
github.com/novalwardhana/test-golang-module2/v2 v2.0.3 h1:Lv6HsI3G5/pDgQyOoaox++VlwSfM1tBaRQ5IXDwqUys=
github.com/novalwardhana/test-golang-module2/v2 v2.0.3/go.mod h1:+NqSAtWBkpZNhrwTjxQBb5ipGr53/as0pEPFZAUk3iU=
github.com/novalwardhana/test-golang-module2/v2 v2.0.4 h1:aKS5C1N2Cbr+XuglpnHzRgGFiD/3CVeNpqJlUskknZ4=
github.com/novalwardhana/test-golang-module2/v2 v2.0.4/go.mod h1:+NqSAtWBkpZNhrwTjxQBb5ipGr53/as0pEPFZAUk3iU=
github.com/novalwardhana/test-golang-module2/v2 v2.0.5 h1:1reUPzpygQfMcjGdNb1DL2LYAMXVYr+F4iz665rqeOo=
github.com/novalwardhana/test-golang-module2/v2 v2.0.5/go.mod h1:+NqSAtWBkpZNhrwTjxQBb5ipGr53/as0pEPFZAUk3iU=
github.com/novalwardhana/test-golang-module2/v2 v2.0.6 h1:8/Vz0bDXUsvGMM9DElWsuMXkM8pgNilZ+UQlVAr0U8E=
github.com/novalwardhana/test-golang-module2/v2 v2.0.6/go.mod h1:+NqSAtWBkpZNhrwTjxQBb5ipGr53/as0pEPFZAUk3iU=
github.com/novalwardhana/test-golang-module2/v2 v2.0.7 h1:VY+uV34R19USgWntyvoWS+TQHqZdoa/Cam3Qkqjckns=
github.com/novalwardhana/test-golang-module2/v2 v2.0.7/go.mod h1:+NqSAtWBkpZNhrwTjxQBb5ipGr53/as0pEPFZAUk3iU=
github.com/novalwardhana/test-golang-module2/v2 v2.0.8 h1:UkDO6u/OSlocLy0D+HfJJlwsWLC9la/m0gvq/4ILY5I=
github.com/novalwardhana/test-golang-module2/v2 v2.0.8/go.mod h1:+NqSAtWBkpZNhrwTjxQBb5ipGr53/as0pEPFZAUk3iU=
